<?xml version="1.0" encoding="utf-8"?>
<Project ToolsVersion="12.0" xmlns="http://schemas.microsoft.com/developer/msbuild/2003">
  <ItemGroup>
    <Filter Include="Source Files">
      <UniqueIdentifier>{4FC737F1-C7A5-4376-A066-2A32D752A2FF}</UniqueIdentifier>
      <Extensions>cpp;c;cc;cxx;s</Extensions>
    </Filter>
    <Filter Include="Header Files">
      <UniqueIdentifier>{93995380-89BD-4b04-88EB-625FBE52EBFB}</UniqueIdentifier>
      <Extensions>h;hh;hpp;hxx</Extensions>
    </Filter>
  </ItemGroup>
  <ItemGroup>
    <Text Include="$(MSBuildThisFileDirectory)readme.txt" />
    <Text Include="$(MSBuildThisFileDirectory)library.properties" />
    <Text Include="$(MSBuildThisFileDirectory)Keywords.txt" />
    <Text Include="C:\ProgrammingWorkspace\VisualStudioWorkspace\Easyuino\Easyuino\Easyuino\src\Easyuino.h">
      <Filter>Header Files</Filter>
    </Text>
  </ItemGroup>
  <ItemGroup>
    <ClCompile Include="C:\ProgrammingWorkspace\VisualStudioWorkspace\Easyuino\Easyuino\Easyuino\examples\Leds\RGBLedExample.cpp">
      <Filter>Source Files</Filter>
    </ClCompile>
    <ClCompile Include="C:\ProgrammingWorkspace\VisualStudioWorkspace\Easyuino\Easyuino\Easyuino\src\Easyuino\Leds\RGBLed.cpp">
      <Filter>Source Files</Filter>
    </ClCompile>
    <ClCompile Include="C:\ProgrammingWorkspace\VisualStudioWorkspace\Easyuino\Easyuino\Easyuino\src\Easyuino\Utilities\Printable.cpp">
      <Filter>Source Files</Filter>
    </ClCompile>
    <ClCompile Include="C:\ProgrammingWorkspace\VisualStudioWorkspace\Easyuino\Easyuino\Easyuino\src\Easyuino\Device.cpp">
      <Filter>Source Files</Filter>
    </ClCompile>
    <ClCompile Include="C:\ProgrammingWorkspace\VisualStudioWorkspace\Easyuino\Easyuino\Easyuino\src\Easyuino\Displays\SevenSegments.cpp">
      <Filter>Source Files</Filter>
    </ClCompile>
    <ClCompile Include="C:\ProgrammingWorkspace\VisualStudioWorkspace\Easyuino\Easyuino\Easyuino\src\Easyuino\UltraSonicModule\DistanceMeter.cpp">
      <Filter>Source Files</Filter>
    </ClCompile>
    <ClCompile Include="C:\ProgrammingWorkspace\VisualStudioWorkspace\Easyuino\Easyuino\Easyuino\src\Easyuino\UltraSonicModule\DistanceMeterPrintable.cpp">
      <Filter>Source Files</Filter>
    </ClCompile>
    <ClCompile Include="C:\ProgrammingWorkspace\VisualStudioWorkspace\Easyuino\Easyuino\Easyuino\src\Easyuino\InfraRedReceiver\InfraRedReceiver.cpp">
      <Filter>Source Files</Filter>
    </ClCompile>
    <ClCompile Include="C:\ProgrammingWorkspace\VisualStudioWorkspace\Easyuino\Easyuino\Easyuino\src\Easyuino\Displays\OLEDlcd.cpp">
      <Filter>Source Files</Filter>
    </ClCompile>
    <ClCompile Include="C:\ProgrammingWorkspace\VisualStudioWorkspace\Easyuino\Easyuino\Easyuino\src\Easyuino\WaterDetector\RainDetector.cpp">
      <Filter>Source Files</Filter>
    </ClCompile>
    <ClCompile Include="C:\ProgrammingWorkspace\VisualStudioWorkspace\Easyuino\Easyuino\Easyuino\src\Easyuino\Relay\Relay.cpp">
      <Filter>Source Files</Filter>
    </ClCompile>
    <ClCompile Include="C:\ProgrammingWorkspace\VisualStudioWorkspace\Easyuino\Easyuino\Easyuino\src\Easyuino\Relay\RelayNamed.cpp">
      <Filter>Source Files</Filter>
    </ClCompile>
    <ClCompile Include="C:\ProgrammingWorkspace\VisualStudioWorkspace\Easyuino\Easyuino\Easyuino\src\Easyuino\Utilities\Utilities.cpp">
      <Filter>Source Files</Filter>
    </ClCompile>
    <ClCompile Include="C:\ProgrammingWorkspace\VisualStudioWorkspace\Easyuino\Easyuino\Easyuino\examples\Relay\RelayNamedExample.cpp">
      <Filter>Source Files</Filter>
    </ClCompile>
    <ClCompile Include="C:\ProgrammingWorkspace\VisualStudioWorkspace\Easyuino\Easyuino\Easyuino\examples\Relay\RelayExample.cpp">
      <Filter>Source Files</Filter>
    </ClCompile>
  </ItemGroup>
  <ItemGroup>
    <ClInclude Include="C:\ProgrammingWorkspace\VisualStudioWorkspace\Easyuino\Easyuino\Easyuino\src\Device.h">
      <Filter>Header Files</Filter>
    </ClInclude>
    <ClInclude Include="C:\ProgrammingWorkspace\VisualStudioWorkspace\Easyuino\Easyuino\Easyuino\src\Printable.h">
      <Filter>Header Files</Filter>
    </ClInclude>
    <ClInclude Include="C:\ProgrammingWorkspace\VisualStudioWorkspace\Easyuino\Easyuino\Easyuino\src\DistanceMeter.h">
      <Filter>Header Files</Filter>
    </ClInclude>
    <ClInclude Include="C:\ProgrammingWorkspace\VisualStudioWorkspace\Easyuino\Easyuino\Easyuino\src\DistanceMeterPrintable.h">
      <Filter>Header Files</Filter>
    </ClInclude>
    <ClInclude Include="C:\ProgrammingWorkspace\VisualStudioWorkspace\Easyuino\Easyuino\Easyuino\src\InfraRedReceiver.h">
      <Filter>Header Files</Filter>
    </ClInclude>
    <ClInclude Include="C:\ProgrammingWorkspace\VisualStudioWorkspace\Easyuino\Easyuino\Easyuino\src\OLEDlcd.h">
      <Filter>Header Files</Filter>
    </ClInclude>
    <ClInclude Include="C:\ProgrammingWorkspace\VisualStudioWorkspace\Easyuino\Easyuino\Easyuino\src\RainDetector.h">
      <Filter>Header Files</Filter>
    </ClInclude>
    <ClInclude Include="C:\ProgrammingWorkspace\VisualStudioWorkspace\Easyuino\Easyuino\Easyuino\src\Relay.h">
      <Filter>Header Files</Filter>
    </ClInclude>
    <ClInclude Include="C:\ProgrammingWorkspace\VisualStudioWorkspace\Easyuino\Easyuino\Easyuino\src\RelayNamed.h">
      <Filter>Header Files</Filter>
    </ClInclude>
    <ClInclude Include="C:\ProgrammingWorkspace\VisualStudioWorkspace\Easyuino\Easyuino\Easyuino\src\RGBLed.h">
      <Filter>Header Files</Filter>
    </ClInclude>
    <ClInclude Include="C:\ProgrammingWorkspace\VisualStudioWorkspace\Easyuino\Easyuino\Easyuino\src\SevenSegments.h">
      <Filter>Header Files</Filter>
    </ClInclude>
    <ClInclude Include="C:\ProgrammingWorkspace\VisualStudioWorkspace\Easyuino\Easyuino\Easyuino\src\Utilities.h">
      <Filter>Header Files</Filter>
    </ClInclude>
  </ItemGroup>
  <ItemGroup>
    <None Include="$(MSBuildThisFileDirectory)examples\Displays\.gitkeep" />
    <None Include="$(MSBuildThisFileDirectory)examples\InfraRedReceiver\.gitkeep" />
    <None Include="$(MSBuildThisFileDirectory)examples\RainDetector\.gitkeep" />
    <None Include="$(MSBuildThisFileDirectory)examples\UltraSonicModule\.gitkeep" />
  </ItemGroup>
</Project>